{
  "name": "purpls-playlist-producer",
  "version": "1.0.0",
  "lockfileVersion": 2,
  "requires": true,
  "packages": {
    "": {
      "name": "purpls-playlist-producer",
      "version": "1.0.0",
      "license": "MIT",
      "dependencies": {
        "dotenv": "^16.0.0",
        "envalid": "^7.3.0"
      },
      "devDependencies": {
        "@tsconfig/node16-strictest-esm": "^1.0.0",
        "@types/node": "^17.0.21",
        "typescript": "^4.6.2"
      }
    },
    "node_modules/@tsconfig/node16-strictest-esm": {
      "version": "1.0.0",
      "resolved": "https://registry.npmjs.org/@tsconfig/node16-strictest-esm/-/node16-strictest-esm-1.0.0.tgz",
      "integrity": "sha512-B/R4m4fy4ZKvAjwpDW3BdfNHYhRltMPpUdZTI0RpKSTU6HzA7Ub3XskVmbFG45JaOcjuTqXzO7o4rDG0LfUYzQ==",
      "dev": true
    },
    "node_modules/@types/node": {
      "version": "17.0.21",
      "resolved": "https://registry.npmjs.org/@types/node/-/node-17.0.21.tgz",
      "integrity": "sha512-DBZCJbhII3r90XbQxI8Y9IjjiiOGlZ0Hr32omXIZvwwZ7p4DMMXGrKXVyPfuoBOri9XNtL0UK69jYIBIsRX3QQ==",
      "dev": true
    },
    "node_modules/dotenv": {
      "version": "16.0.0",
      "resolved": "https://registry.npmjs.org/dotenv/-/dotenv-16.0.0.tgz",
      "integrity": "sha512-qD9WU0MPM4SWLPJy/r2Be+2WgQj8plChsyrCNQzW/0WjvcJQiKQJ9mH3ZgB3fxbUUxgc/11ZJ0Fi5KiimWGz2Q==",
      "engines": {
        "node": ">=12"
      }
    },
    "node_modules/envalid": {
      "version": "7.3.0",
      "resolved": "https://registry.npmjs.org/envalid/-/envalid-7.3.0.tgz",
      "integrity": "sha512-RWAAXLU+s884YwbVQ+D8OYRIspo7hvF9zPTvjToVzqZknHwycAuGiiHG/XiI1UDY/PeYSlMwQvMUGb25n06iwA==",
      "dependencies": {
        "tslib": "2.3.1"
      },
      "engines": {
        "node": ">=8.12"
      }
    },
    "node_modules/tslib": {
      "version": "2.3.1",
      "resolved": "https://registry.npmjs.org/tslib/-/tslib-2.3.1.tgz",
      "integrity": "sha512-77EbyPPpMz+FRFRuAFlWMtmgUWGe9UOG2Z25NqCwiIjRhOf5iKGuzSe5P2w1laq+FkRy4p+PCuVkJSGkzTEKVw=="
    },
    "node_modules/typescript": {
      "version": "4.6.2",
      "resolved": "https://registry.npmjs.org/typescript/-/typescript-4.6.2.tgz",
      "integrity": "sha512-HM/hFigTBHZhLXshn9sN37H085+hQGeJHJ/X7LpBWLID/fbc2acUMfU+lGD98X81sKP+pFa9f0DZmCwB9GnbAg==",
      "dev": true,
      "bin": {
        "tsc": "bin/tsc",
        "tsserver": "bin/tsserver"
      },
      "engines": {
        "node": ">=4.2.0"
      }
    }
  },
  "dependencies": {
    "@tsconfig/node16-strictest-esm": {
      "version": "1.0.0",
      "resolved": "https://registry.npmjs.org/@tsconfig/node16-strictest-esm/-/node16-strictest-esm-1.0.0.tgz",
      "integrity": "sha512-B/R4m4fy4ZKvAjwpDW3BdfNHYhRltMPpUdZTI0RpKSTU6HzA7Ub3XskVmbFG45JaOcjuTqXzO7o4rDG0LfUYzQ==",
      "dev": true
    },
    "@types/node": {
      "version": "17.0.21",
      "resolved": "https://registry.npmjs.org/@types/node/-/node-17.0.21.tgz",
      "integrity": "sha512-DBZCJbhII3r90XbQxI8Y9IjjiiOGlZ0Hr32omXIZvwwZ7p4DMMXGrKXVyPfuoBOri9XNtL0UK69jYIBIsRX3QQ==",
      "dev": true
    },
    "dotenv": {
      "version": "16.0.0",
      "resolved": "https://registry.npmjs.org/dotenv/-/dotenv-16.0.0.tgz",
      "integrity": "sha512-qD9WU0MPM4SWLPJy/r2Be+2WgQj8plChsyrCNQzW/0WjvcJQiKQJ9mH3ZgB3fxbUUxgc/11ZJ0Fi5KiimWGz2Q=="
    },
    "envalid": {
      "version": "7.3.0",
      "resolved": "https://registry.npmjs.org/envalid/-/envalid-7.3.0.tgz",
      "integrity": "sha512-RWAAXLU+s884YwbVQ+D8OYRIspo7hvF9zPTvjToVzqZknHwycAuGiiHG/XiI1UDY/PeYSlMwQvMUGb25n06iwA==",
      "requires": {
        "tslib": "2.3.1"
      }
    },
    "tslib": {
      "version": "2.3.1",
      "resolved": "https://registry.npmjs.org/tslib/-/tslib-2.3.1.tgz",
      "integrity": "sha512-77EbyPPpMz+FRFRuAFlWMtmgUWGe9UOG2Z25NqCwiIjRhOf5iKGuzSe5P2w1laq+FkRy4p+PCuVkJSGkzTEKVw=="
    },
    "typescript": {
      "version": "4.6.2",
      "resolved": "https://registry.npmjs.org/typescript/-/typescript-4.6.2.tgz",
      "integrity": "sha512-HM/hFigTBHZhLXshn9sN37H085+hQGeJHJ/X7LpBWLID/fbc2acUMfU+lGD98X81sKP+pFa9f0DZmCwB9GnbAg==",
      "dev": true
    }
  }
}
